// !$*UTF8*$!
{
	archiveVersion = 1;
	classes = {
	};
	objectVersion = 50;
	objects = {

/* Begin PBXBuildFile section */
		D33DB123220FACA3002D8898 /* ClientViewModel.swift in Sources */ = {isa = PBXBuildFile; fileRef = D33DB122220FACA3002D8898 /* ClientViewModel.swift */; };
		D39282E7220D44FF00A7D83F /* AddClientViewController.swift in Sources */ = {isa = PBXBuildFile; fileRef = D39282E6220D44FF00A7D83F /* AddClientViewController.swift */; };
		D3A08451220A093600100946 /* AppDelegate.swift in Sources */ = {isa = PBXBuildFile; fileRef = D3A08450220A093600100946 /* AppDelegate.swift */; };
		D3A08453220A093600100946 /* WebViewController.swift in Sources */ = {isa = PBXBuildFile; fileRef = D3A08452220A093600100946 /* WebViewController.swift */; };
		D3A08455220A093600100946 /* SeoViewController.swift in Sources */ = {isa = PBXBuildFile; fileRef = D3A08454220A093600100946 /* SeoViewController.swift */; };
		D3A08458220A093600100946 /* Main.storyboard in Resources */ = {isa = PBXBuildFile; fileRef = D3A08456220A093600100946 /* Main.storyboard */; };
		D3A0845A220A093700100946 /* Assets.xcassets in Resources */ = {isa = PBXBuildFile; fileRef = D3A08459220A093700100946 /* Assets.xcassets */; };
		D3A0845D220A093700100946 /* LaunchScreen.storyboard in Resources */ = {isa = PBXBuildFile; fileRef = D3A0845B220A093700100946 /* LaunchScreen.storyboard */; };
		D3A08468220A093700100946 /* SC_client_listTests.swift in Sources */ = {isa = PBXBuildFile; fileRef = D3A08467220A093700100946 /* SC_client_listTests.swift */; };
		D3A08473220A093700100946 /* SC_client_listUITests.swift in Sources */ = {isa = PBXBuildFile; fileRef = D3A08472220A093700100946 /* SC_client_listUITests.swift */; };
		D3A08483220B67E600100946 /* ClientModel.swift in Sources */ = {isa = PBXBuildFile; fileRef = D3A08482220B67E600100946 /* ClientModel.swift */; };
/* End PBXBuildFile section */

/* Begin PBXContainerItemProxy section */
		D3A08464220A093700100946 /* PBXContainerItemProxy */ = {
			isa = PBXContainerItemProxy;
			containerPortal = D3A08445220A093600100946 /* Project object */;
			proxyType = 1;
			remoteGlobalIDString = D3A0844C220A093600100946;
			remoteInfo = "SC-client-list";
		};
		D3A0846F220A093700100946 /* PBXContainerItemProxy */ = {
			isa = PBXContainerItemProxy;
			containerPortal = D3A08445220A093600100946 /* Project object */;
			proxyType = 1;
			remoteGlobalIDString = D3A0844C220A093600100946;
			remoteInfo = "SC-client-list";
		};
/* End PBXContainerItemProxy section */

/* Begin PBXFileReference section */
		D33DB122220FACA3002D8898 /* ClientViewModel.swift */ = {isa = PBXFileReference; lastKnownFileType = sourcecode.swift; path = ClientViewModel.swift; sourceTree = "<group>"; };
		D39282E6220D44FF00A7D83F /* AddClientViewController.swift */ = {isa = PBXFileReference; lastKnownFileType = sourcecode.swift; path = AddClientViewController.swift; sourceTree = "<group>"; };
		D3A0844D220A093600100946 /* SC-client-list.app */ = {isa = PBXFileReference; explicitFileType = wrapper.application; includeInIndex = 0; path = "SC-client-list.app"; sourceTree = BUILT_PRODUCTS_DIR; };
		D3A08450220A093600100946 /* AppDelegate.swift */ = {isa = PBXFileReference; lastKnownFileType = sourcecode.swift; path = AppDelegate.swift; sourceTree = "<group>"; };
		D3A08452220A093600100946 /* WebViewController.swift */ = {isa = PBXFileReference; lastKnownFileType = sourcecode.swift; path = WebViewController.swift; sourceTree = "<group>"; };
		D3A08454220A093600100946 /* SeoViewController.swift */ = {isa = PBXFileReference; lastKnownFileType = sourcecode.swift; path = SeoViewController.swift; sourceTree = "<group>"; };
		D3A08457220A093600100946 /* Base */ = {isa = PBXFileReference; lastKnownFileType = file.storyboard; name = Base; path = Base.lproj/Main.storyboard; sourceTree = "<group>"; };
		D3A08459220A093700100946 /* Assets.xcassets */ = {isa = PBXFileReference; lastKnownFileType = folder.assetcatalog; path = Assets.xcassets; sourceTree = "<group>"; };
		D3A0845C220A093700100946 /* Base */ = {isa = PBXFileReference; lastKnownFileType = file.storyboard; name = Base; path = Base.lproj/LaunchScreen.storyboard; sourceTree = "<group>"; };
		D3A0845E220A093700100946 /* Info.plist */ = {isa = PBXFileReference; lastKnownFileType = text.plist.xml; path = Info.plist; sourceTree = "<group>"; };
		D3A08463220A093700100946 /* SC-client-listTests.xctest */ = {isa = PBXFileReference; explicitFileType = wrapper.cfbundle; includeInIndex = 0; path = "SC-client-listTests.xctest"; sourceTree = BUILT_PRODUCTS_DIR; };
		D3A08467220A093700100946 /* SC_client_listTests.swift */ = {isa = PBXFileReference; lastKnownFileType = sourcecode.swift; path = SC_client_listTests.swift; sourceTree = "<group>"; };
		D3A08469220A093700100946 /* Info.plist */ = {isa = PBXFileReference; lastKnownFileType = text.plist.xml; path = Info.plist; sourceTree = "<group>"; };
		D3A0846E220A093700100946 /* SC-client-listUITests.xctest */ = {isa = PBXFileReference; explicitFileType = wrapper.cfbundle; includeInIndex = 0; path = "SC-client-listUITests.xctest"; sourceTree = BUILT_PRODUCTS_DIR; };
		D3A08472220A093700100946 /* SC_client_listUITests.swift */ = {isa = PBXFileReference; lastKnownFileType = sourcecode.swift; path = SC_client_listUITests.swift; sourceTree = "<group>"; };
		D3A08474220A093700100946 /* Info.plist */ = {isa = PBXFileReference; lastKnownFileType = text.plist.xml; path = Info.plist; sourceTree = "<group>"; };
		D3A08482220B67E600100946 /* ClientModel.swift */ = {isa = PBXFileReference; lastKnownFileType = sourcecode.swift; path = ClientModel.swift; sourceTree = "<group>"; };
/* End PBXFileReference section */

/* Begin PBXFrameworksBuildPhase section */
		D3A0844A220A093600100946 /* Frameworks */ = {
			isa = PBXFrameworksBuildPhase;
			buildActionMask = 2147483647;
			files = (
			);
			runOnlyForDeploymentPostprocessing = 0;
		};
		D3A08460220A093700100946 /* Frameworks */ = {
			isa = PBXFrameworksBuildPhase;
			buildActionMask = 2147483647;
			files = (
			);
			runOnlyForDeploymentPostprocessing = 0;
		};
		D3A0846B220A093700100946 /* Frameworks */ = {
			isa = PBXFrameworksBuildPhase;
			buildActionMask = 2147483647;
			files = (
			);
			runOnlyForDeploymentPostprocessing = 0;
		};
/* End PBXFrameworksBuildPhase section */

/* Begin PBXGroup section */
		D3A08444220A093600100946 = {
			isa = PBXGroup;
			children = (
				D3A0844F220A093600100946 /* SC-client-list */,
				D3A08466220A093700100946 /* SC-client-listTests */,
				D3A08471220A093700100946 /* SC-client-listUITests */,
				D3A0844E220A093600100946 /* Products */,
			);
			sourceTree = "<group>";
		};
		D3A0844E220A093600100946 /* Products */ = {
			isa = PBXGroup;
			children = (
				D3A0844D220A093600100946 /* SC-client-list.app */,
				D3A08463220A093700100946 /* SC-client-listTests.xctest */,
				D3A0846E220A093700100946 /* SC-client-listUITests.xctest */,
			);
			name = Products;
			sourceTree = "<group>";
		};
		D3A0844F220A093600100946 /* SC-client-list */ = {
			isa = PBXGroup;
			children = (
				D39282E6220D44FF00A7D83F /* AddClientViewController.swift */,
				D3A08450220A093600100946 /* AppDelegate.swift */,
				D3A08452220A093600100946 /* WebViewController.swift */,
				D3A08454220A093600100946 /* SeoViewController.swift */,
				D3A08456220A093600100946 /* Main.storyboard */,
				D3A08482220B67E600100946 /* ClientModel.swift */,
				D33DB122220FACA3002D8898 /* ClientViewModel.swift */,
				D3A08459220A093700100946 /* Assets.xcassets */,
				D3A0845B220A093700100946 /* LaunchScreen.storyboard */,
				D3A0845E220A093700100946 /* Info.plist */,
			);
			path = "SC-client-list";
			sourceTree = "<group>";
		};
		D3A08466220A093700100946 /* SC-client-listTests */ = {
			isa = PBXGroup;
			children = (
				D3A08467220A093700100946 /* SC_client_listTests.swift */,
				D3A08469220A093700100946 /* Info.plist */,
			);
			path = "SC-client-listTests";
			sourceTree = "<group>";
		};
		D3A08471220A093700100946 /* SC-client-listUITests */ = {
			isa = PBXGroup;
			children = (
				D3A08472220A093700100946 /* SC_client_listUITests.swift */,
				D3A08474220A093700100946 /* Info.plist */,
			);
			path = "SC-client-listUITests";
			sourceTree = "<group>";
		};
/* End PBXGroup section */

/* Begin PBXNativeTarget section */
		D3A0844C220A093600100946 /* SC-client-list */ = {
			isa = PBXNativeTarget;
			buildConfigurationList = D3A08477220A093700100946 /* Build configuration list for PBXNativeTarget "SC-client-list" */;
			buildPhases = (
				D3A08449220A093600100946 /* Sources */,
				D3A0844A220A093600100946 /* Frameworks */,
				D3A0844B220A093600100946 /* Resources */,
			);
			buildRules = (
			);
			dependencies = (
			);
			name = "SC-client-list";
			productName = "SC-client-list";
			productReference = D3A0844D220A093600100946 /* SC-client-list.app */;
			productType = "com.apple.product-type.application";
		};
		D3A08462220A093700100946 /* SC-client-listTests */ = {
			isa = PBXNativeTarget;
			buildConfigurationList = D3A0847A220A093700100946 /* Build configuration list for PBXNativeTarget "SC-client-listTests" */;
			buildPhases = (
				D3A0845F220A093700100946 /* Sources */,
				D3A08460220A093700100946 /* Frameworks */,
				D3A08461220A093700100946 /* Resources */,
			);
			buildRules = (
			);
			dependencies = (
				D3A08465220A093700100946 /* PBXTargetDependency */,
			);
			name = "SC-client-listTests";
			productName = "SC-client-listTests";
			productReference = D3A08463220A093700100946 /* SC-client-listTests.xctest */;
			productType = "com.apple.product-type.bundle.unit-test";
		};
		D3A0846D220A093700100946 /* SC-client-listUITests */ = {
			isa = PBXNativeTarget;
			buildConfigurationList = D3A0847D220A093700100946 /* Build configuration list for PBXNativeTarget "SC-client-listUITests" */;
			buildPhases = (
				D3A0846A220A093700100946 /* Sources */,
				D3A0846B220A093700100946 /* Frameworks */,
				D3A0846C220A093700100946 /* Resources */,
			);
			buildRules = (
			);
			dependencies = (
				D3A08470220A093700100946 /* PBXTargetDependency */,
			);
			name = "SC-client-listUITests";
			productName = "SC-client-listUITests";
			productReference = D3A0846E220A093700100946 /* SC-client-listUITests.xctest */;
			productType = "com.apple.product-type.bundle.ui-testing";
		};
/* End PBXNativeTarget section */

/* Begin PBXProject section */
		D3A08445220A093600100946 /* Project object */ = {
			isa = PBXProject;
			attributes = {
				LastSwiftUpdateCheck = 1010;
				LastUpgradeCheck = 1010;
				ORGANIZATIONNAME = Draper;
				TargetAttributes = {
					D3A0844C220A093600100946 = {
						CreatedOnToolsVersion = 10.1;
					};
					D3A08462220A093700100946 = {
						CreatedOnToolsVersion = 10.1;
						TestTargetID = D3A0844C220A093600100946;
					};
					D3A0846D220A093700100946 = {
						CreatedOnToolsVersion = 10.1;
						TestTargetID = D3A0844C220A093600100946;
					};
				};
			};
			buildConfigurationList = D3A08448220A093600100946 /* Build configuration list for PBXProject "SC-client-list" */;
			compatibilityVersion = "Xcode 9.3";
			developmentRegion = en;
			hasScannedForEncodings = 0;
			knownRegions = (
				en,
				Base,
			);
			mainGroup = D3A08444220A093600100946;
			productRefGroup = D3A0844E220A093600100946 /* Products */;
			projectDirPath = "";
			projectRoot = "";
			targets = (
				D3A0844C220A093600100946 /* SC-client-list */,
				D3A08462220A093700100946 /* SC-client-listTests */,
				D3A0846D220A093700100946 /* SC-client-listUITests */,
			);
		};
/* End PBXProject section */

/* Begin PBXResourcesBuildPhase section */
		D3A0844B220A093600100946 /* Resources */ = {
			isa = PBXResourcesBuildPhase;
			buildActionMask = 2147483647;
			files = (
				D3A0845D220A093700100946 /* LaunchScreen.storyboard in Resources */,
				D3A0845A220A093700100946 /* Assets.xcassets in Resources */,
				D3A08458220A093600100946 /* Main.storyboard in Resources */,
			);
			runOnlyForDeploymentPostprocessing = 0;
		};
		D3A08461220A093700100946 /* Resources */ = {
			isa = PBXResourcesBuildPhase;
			buildActionMask = 2147483647;
			files = (
			);
			runOnlyForDeploymentPostprocessing = 0;
		};
		D3A0846C220A093700100946 /* Resources */ = {
			isa = PBXResourcesBuildPhase;
			buildActionMask = 2147483647;
			files = (
			);
			runOnlyForDeploymentPostprocessing = 0;
		};
/* End PBXResourcesBuildPhase section */

/* Begin PBXSourcesBuildPhase section */
		D3A08449220A093600100946 /* Sources */ = {
			isa = PBXSourcesBuildPhase;
			buildActionMask = 2147483647;
			files = (
				D3A08455220A093600100946 /* SeoViewController.swift in Sources */,
				D33DB123220FACA3002D8898 /* ClientViewModel.swift in Sources */,
				D3A08451220A093600100946 /* AppDelegate.swift in Sources */,
				D3A08483220B67E600100946 /* ClientModel.swift in Sources */,
				D39282E7220D44FF00A7D83F /* AddClientViewController.swift in Sources */,
				D3A08453220A093600100946 /* WebViewController.swift in Sources */,
			);
			runOnlyForDeploymentPostprocessing = 0;
		};
		D3A0845F220A093700100946 /* Sources */ = {
			isa = PBXSourcesBuildPhase;
			buildActionMask = 2147483647;
			files = (
				D3A08468220A093700100946 /* SC_client_listTests.swift in Sources */,
			);
			runOnlyForDeploymentPostprocessing = 0;
		};
		D3A0846A220A093700100946 /* Sources */ = {
			isa = PBXSourcesBuildPhase;
			buildActionMask = 2147483647;
			files = (
				D3A08473220A093700100946 /* SC_client_listUITests.swift in Sources */,
			);
			runOnlyForDeploymentPostprocessing = 0;
		};
/* End PBXSourcesBuildPhase section */

/* Begin PBXTargetDependency section */
		D3A08465220A093700100946 /* PBXTargetDependency */ = {
			isa = PBXTargetDependency;
			target = D3A0844C220A093600100946 /* SC-client-list */;
			targetProxy = D3A08464220A093700100946 /* PBXContainerItemProxy */;
		};
		D3A08470220A093700100946 /* PBXTargetDependency */ = {
			isa = PBXTargetDependency;
			target = D3A0844C220A093600100946 /* SC-client-list */;
			targetProxy = D3A0846F220A093700100946 /* PBXContainerItemProxy */;
		};
/* End PBXTargetDependency section */

/* Begin PBXVariantGroup section */
		D3A08456220A093600100946 /* Main.storyboard */ = {
			isa = PBXVariantGroup;
			children = (
				D3A08457220A093600100946 /* Base */,
			);
			name = Main.storyboard;
			sourceTree = "<group>";
		};
		D3A0845B220A093700100946 /* LaunchScreen.storyboard */ = {
			isa = PBXVariantGroup;
			children = (
				D3A0845C220A093700100946 /* Base */,
			);
			name = LaunchScreen.storyboard;
			sourceTree = "<group>";
		};
/* End PBXVariantGroup section */

/* Begin XCBuildConfiguration section */
		D3A08475220A093700100946 /* Debug */ = {
			isa = XCBuildConfiguration;
			buildSettings = {
				ALWAYS_SEARCH_USER_PATHS = NO;
				CLANG_ANALYZER_NONNULL = YES;
				CLANG_ANALYZER_NUMBER_OBJECT_CONVERSION = YES_AGGRESSIVE;
				CLANG_CXX_LANGUAGE_STANDARD = "gnu++14";
				CLANG_CXX_LIBRARY = "libc++";
				CLANG_ENABLE_MODULES = YES;
				CLANG_ENABLE_OBJC_ARC = YES;
				CLANG_ENABLE_OBJC_WEAK = YES;
				CLANG_WARN_BLOCK_CAPTURE_AUTORELEASING = YES;
				CLANG_WARN_BOOL_CONVERSION = YES;
				CLANG_WARN_COMMA = YES;
				CLANG_WARN_CONSTANT_CONVERSION = YES;
				CLANG_WARN_DEPRECATED_OBJC_IMPLEMENTATIONS = YES;
				CLANG_WARN_DIRECT_OBJC_ISA_USAGE = YES_ERROR;
				CLANG_WARN_DOCUMENTATION_COMMENTS = YES;
				CLANG_WARN_EMPTY_BODY = YES;
				CLANG_WARN_ENUM_CONVERSION = YES;
				CLANG_WARN_INFINITE_RECURSION = YES;
				CLANG_WARN_INT_CONVERSION = YES;
				CLANG_WARN_NON_LITERAL_NULL_CONVERSION = YES;
				CLANG_WARN_OBJC_IMPLICIT_RETAIN_SELF = YES;
				CLANG_WARN_OBJC_LITERAL_CONVERSION = YES;
				CLANG_WARN_OBJC_ROOT_CLASS = YES_ERROR;
				CLANG_WARN_RANGE_LOOP_ANALYSIS = YES;
				CLANG_WARN_STRICT_PROTOTYPES = YES;
				CLANG_WARN_SUSPICIOUS_MOVE = YES;
				CLANG_WARN_UNGUARDED_AVAILABILITY = YES_AGGRESSIVE;
				CLANG_WARN_UNREACHABLE_CODE = YES;
				CLANG_WARN__DUPLICATE_METHOD_MATCH = YES;
				CODE_SIGN_IDENTITY = "iPhone Developer";
				COPY_PHASE_STRIP = NO;
				DEBUG_INFORMATION_FORMAT = dwarf;
				ENABLE_STRICT_OBJC_MSGSEND = YES;
				ENABLE_TESTABILITY = YES;
				GCC_C_LANGUAGE_STANDARD = gnu11;
				GCC_DYNAMIC_NO_PIC = NO;
				GCC_NO_COMMON_BLOCKS = YES;
				GCC_OPTIMIZATION_LEVEL = 0;
				GCC_PREPROCESSOR_DEFINITIONS = (
					"DEBUG=1",
					"$(inherited)",
				);
				GCC_WARN_64_TO_32_BIT_CONVERSION = YES;
				GCC_WARN_ABOUT_RETURN_TYPE = YES_ERROR;
				GCC_WARN_UNDECLARED_SELECTOR = YES;
				GCC_WARN_UNINITIALIZED_AUTOS = YES_AGGRESSIVE;
				GCC_WARN_UNUSED_FUNCTION = YES;
				GCC_WARN_UNUSED_VARIABLE = YES;
				IPHONEOS_DEPLOYMENT_TARGET = 12.1;
				MTL_ENABLE_DEBUG_INFO = INCLUDE_SOURCE;
				MTL_FAST_MATH = YES;
				ONLY_ACTIVE_ARCH = YES;
				SDKROOT = iphoneos;
				SWIFT_ACTIVE_COMPILATION_CONDITIONS = DEBUG;
				SWIFT_OPTIMIZATION_LEVEL = "-Onone";
			};
			name = Debug;
		};
		D3A08476220A093700100946 /* Release */ = {
			isa = XCBuildConfiguration;
			buildSettings = {
				ALWAYS_SEARCH_USER_PATHS = NO;
				CLANG_ANALYZER_NONNULL = YES;
				CLANG_ANALYZER_NUMBER_OBJECT_CONVERSION = YES_AGGRESSIVE;
				CLANG_CXX_LANGUAGE_STANDARD = "gnu++14";
				CLANG_CXX_LIBRARY = "libc++";
				CLANG_ENABLE_MODULES = YES;
				CLANG_ENABLE_OBJC_ARC = YES;
				CLANG_ENABLE_OBJC_WEAK = YES;
				CLANG_WARN_BLOCK_CAPTURE_AUTORELEASING = YES;
				CLANG_WARN_BOOL_CONVERSION = YES;
				CLANG_WARN_COMMA = YES;
				CLANG_WARN_CONSTANT_CONVERSION = YES;
				CLANG_WARN_DEPRECATED_OBJC_IMPLEMENTATIONS = YES;
				CLANG_WARN_DIRECT_OBJC_ISA_USAGE = YES_ERROR;
				CLANG_WARN_DOCUMENTATION_COMMENTS = YES;
				CLANG_WARN_EMPTY_BODY = YES;
				CLANG_WARN_ENUM_CONVERSION = YES;
				CLANG_WARN_INFINITE_RECURSION = YES;
				CLANG_WARN_INT_CONVERSION = YES;
				CLANG_WARN_NON_LITERAL_NULL_CONVERSION = YES;
				CLANG_WARN_OBJC_IMPLICIT_RETAIN_SELF = YES;
				CLANG_WARN_OBJC_LITERAL_CONVERSION = YES;
				CLANG_WARN_OBJC_ROOT_CLASS = YES_ERROR;
				CLANG_WARN_RANGE_LOOP_ANALYSIS = YES;
				CLANG_WARN_STRICT_PROTOTYPES = YES;
				CLANG_WARN_SUSPICIOUS_MOVE = YES;
				CLANG_WARN_UNGUARDED_AVAILABILITY = YES_AGGRESSIVE;
				CLANG_WARN_UNREACHABLE_CODE = YES;
				CLANG_WARN__DUPLICATE_METHOD_MATCH = YES;
				CODE_SIGN_IDENTITY = "iPhone Developer";
				COPY_PHASE_STRIP = NO;
				DEBUG_INFORMATION_FORMAT = "dwarf-with-dsym";
				ENABLE_NS_ASSERTIONS = NO;
				ENABLE_STRICT_OBJC_MSGSEND = YES;
				GCC_C_LANGUAGE_STANDARD = gnu11;
				GCC_NO_COMMON_BLOCKS = YES;
				GCC_WARN_64_TO_32_BIT_CONVERSION = YES;
				GCC_WARN_ABOUT_RETURN_TYPE = YES_ERROR;
				GCC_WARN_UNDECLARED_SELECTOR = YES;
				GCC_WARN_UNINITIALIZED_AUTOS = YES_AGGRESSIVE;
				GCC_WARN_UNUSED_FUNCTION = YES;
				GCC_WARN_UNUSED_VARIABLE = YES;
				IPHONEOS_DEPLOYMENT_TARGET = 12.1;
				MTL_ENABLE_DEBUG_INFO = NO;
				MTL_FAST_MATH = YES;
				SDKROOT = iphoneos;
				SWIFT_COMPILATION_MODE = wholemodule;
				SWIFT_OPTIMIZATION_LEVEL = "-O";
				VALIDATE_PRODUCT = YES;
			};
			name = Release;
		};
		D3A08478220A093700100946 /* Debug */ = {
			isa = XCBuildConfiguration;
			buildSettings = {
				ASSETCATALOG_COMPILER_APPICON_NAME = AppIcon;
				CODE_SIGN_STYLE = Automatic;
				DEVELOPMENT_TEAM = PK46H97A66;
				INFOPLIST_FILE = "SC-client-list/Info.plist";
				LD_RUNPATH_SEARCH_PATHS = (
					"$(inherited)",
					"@executable_path/Frameworks",
				);
				PRODUCT_BUNDLE_IDENTIFIER = "com.adraper.SC-client-list";
				PRODUCT_NAME = "$(TARGET_NAME)";
				SWIFT_VERSION = 4.2;
				TARGETED_DEVICE_FAMILY = "1,2";
			};
			name = Debug;
		};
		D3A08479220A093700100946 /* Release */ = {
			isa = XCBuildConfiguration;
			buildSettings = {
				ASSETCATALOG_COMPILER_APPICON_NAME = AppIcon;
				CODE_SIGN_STYLE = Automatic;
				DEVELOPMENT_TEAM = PK46H97A66;
				INFOPLIST_FILE = "SC-client-list/Info.plist";
				LD_RUNPATH_SEARCH_PATHS = (
					"$(inherited)",
					"@executable_path/Frameworks",
				);
				PRODUCT_BUNDLE_IDENTIFIER = "com.adraper.SC-client-list";
				PRODUCT_NAME = "$(TARGET_NAME)";
				SWIFT_VERSION = 4.2;
				TARGETED_DEVICE_FAMILY = "1,2";
			};
			name = Release;
		};
		D3A0847B220A093700100946 /* Debug */ = {
			isa = XCBuildConfiguration;
			buildSettings = {
				ALWAYS_EMBED_SWIFT_STANDARD_LIBRARIES = YES;
				BUNDLE_LOADER = "$(TEST_HOST)";
				CODE_SIGN_STYLE = Automatic;
				DEVELOPMENT_TEAM = PK46H97A66;
				INFOPLIST_FILE = "SC-client-listTests/Info.plist";
				LD_RUNPATH_SEARCH_PATHS = (
					"$(inherited)",
					"@executable_path/Frameworks",
					"@loader_path/Frameworks",
				);
				PRODUCT_BUNDLE_IDENTIFIER = "com.adraper.SC-client-listTests";
				PRODUCT_NAME = "$(TARGET_NAME)";
				SWIFT_VERSION = 4.2;
				TARGETED_DEVICE_FAMILY = "1,2";
				TEST_HOST = "$(BUILT_PRODUCTS_DIR)/SC-client-list.app/SC-client-list";
			};
			name = Debug;
		};
		D3A0847C220A093700100946 /* Release */ = {
			isa = XCBuildConfiguration;
			buildSettings = {
				ALWAYS_EMBED_SWIFT_STANDARD_LIBRARIES = YES;
				BUNDLE_LOADER = "$(TEST_HOST)";
				CODE_SIGN_STYLE = Automatic;
				DEVELOPMENT_TEAM = PK46H97A66;
				INFOPLIST_FILE = "SC-client-listTests/Info.plist";
				LD_RUNPATH_SEARCH_PATHS = (
					"$(inherited)",
					"@executable_path/Frameworks",
					"@loader_path/Frameworks",
				);
				PRODUCT_BUNDLE_IDENTIFIER = "com.adraper.SC-client-listTests";
				PRODUCT_NAME = "$(TARGET_NAME)";
				SWIFT_VERSION = 4.2;
				TARGETED_DEVICE_FAMILY = "1,2";
				TEST_HOST = "$(BUILT_PRODUCTS_DIR)/SC-client-list.app/SC-client-list";
			};
			name = Release;
		};
		D3A0847E220A093700100946 /* Debug */ = {
			isa = XCBuildConfiguration;
			buildSettings = {
				ALWAYS_EMBED_SWIFT_STANDARD_LIBRARIES = YES;
				CODE_SIGN_STYLE = Automatic;
				DEVELOPMENT_TEAM = PK46H97A66;
				INFOPLIST_FILE = "SC-client-listUITests/Info.plist";
				LD_RUNPATH_SEARCH_PATHS = (
					"$(inherited)",
					"@executable_path/Frameworks",
					"@loader_path/Frameworks",
				);
				PRODUCT_BUNDLE_IDENTIFIER = "com.adraper.SC-client-listUITests";
				PRODUCT_NAME = "$(TARGET_NAME)";
				SWIFT_VERSION = 4.2;
				TARGETED_DEVICE_FAMILY = "1,2";
				TEST_TARGET_NAME = "SC-client-list";
			};
			name = Debug;
		};
		D3A0847F220A093700100946 /* Release */ = {
			isa = XCBuildConfiguration;
			buildSettings = {
				ALWAYS_EMBED_SWIFT_STANDARD_LIBRARIES = YES;
				CODE_SIGN_STYLE = Automatic;
				DEVELOPMENT_TEAM = PK46H97A66;
				INFOPLIST_FILE = "SC-client-listUITests/Info.plist";
				LD_RUNPATH_SEARCH_PATHS = (
					"$(inherited)",
					"@executable_path/Frameworks",
					"@loader_path/Frameworks",
				);
				PRODUCT_BUNDLE_IDENTIFIER = "com.adraper.SC-client-listUITests";
				PRODUCT_NAME = "$(TARGET_NAME)";
				SWIFT_VERSION = 4.2;
				TARGETED_DEVICE_FAMILY = "1,2";
				TEST_TARGET_NAME = "SC-client-list";
			};
			name = Release;
		};
/* End XCBuildConfiguration section */

/* Begin XCConfigurationList section */
		D3A08448220A093600100946 /* Build configuration list for PBXProject "SC-client-list" */ = {
			isa = XCConfigurationList;
			buildConfigurations = (
				D3A08475220A093700100946 /* Debug */,
				D3A08476220A093700100946 /* Release */,
			);
			defaultConfigurationIsVisible = 0;
			defaultConfigurationName = Release;
		};
		D3A08477220A093700100946 /* Build configuration list for PBXNativeTarget "SC-client-list" */ = {
			isa = XCConfigurationList;
			buildConfigurations = (
				D3A08478220A093700100946 /* Debug */,
				D3A08479220A093700100946 /* Release */,
			);
			defaultConfigurationIsVisible = 0;
			defaultConfigurationName = Release;
		};
		D3A0847A220A093700100946 /* Build configuration list for PBXNativeTarget "SC-client-listTests" */ = {
			isa = XCConfigurationList;
			buildConfigurations = (
				D3A0847B220A093700100946 /* Debug */,
				D3A0847C220A093700100946 /* Release */,
			);
			defaultConfigurationIsVisible = 0;
			defaultConfigurationName = Release;
		};
		D3A0847D220A093700100946 /* Build configuration list for PBXNativeTarget "SC-client-listUITests" */ = {
			isa = XCConfigurationList;
			buildConfigurations = (
				D3A0847E220A093700100946 /* Debug */,
				D3A0847F220A093700100946 /* Release */,
			);
			defaultConfigurationIsVisible = 0;
			defaultConfigurationName = Release;
		};
/* End XCConfigurationList section */
	};
	rootObject = D3A08445220A093600100946 /* Project object */;
}
